
Microsoft Visual Studio Solution File, Format Version 12.00
# Visual Studio 15
VisualStudioVersion = 15.0.28307.106
MinimumVisualStudioVersion = 10.0.40219.1
Project("{8BC9CEB8-8B4A-11D0-8D11-00A0C91BC942}") = "Blech", "Blech\Blech.vcxproj", "{A9289511-1060-49BD-ABB8-180CC8CA7EBD}"
EndProject
Global
	GlobalSection(SolutionConfigurationPlatforms) = preSolution
		Debug|x64 = Debug|x64
		Debug|x86 = Debug|x86
		Release|x64 = Release|x64
		Release|x86 = Release|x86
	EndGlobalSection
	GlobalSection(ProjectConfigurationPlatforms) = postSolution
		{A9289511-1060-49BD-ABB8-180CC8CA7EBD}.Debug|x64.ActiveCfg = Debug|x64
		{A9289511-1060-49BD-ABB8-180CC8CA7EBD}.Debug|x64.Build.0 = Debug|x64
		{A9289511-1060-49BD-ABB8-180CC8CA7EBD}.Debug|x86.ActiveCfg = Debug|Win32
		{A9289511-1060-49BD-ABB8-180CC8CA7EBD}.Debug|x86.Build.0 = Debug|Win32
		{A9289511-1060-49BD-ABB8-180CC8CA7EBD}.Release|x64.ActiveCfg = Release|x64
		{A9289511-1060-49BD-ABB8-180CC8CA7EBD}.Release|x64.Build.0 = Release|x64
		{A9289511-1060-49BD-ABB8-180CC8CA7EBD}.Release|x86.ActiveCfg = Release|Win32
		{A9289511-1060-49BD-ABB8-180CC8CA7EBD}.Release|x86.Build.0 = Release|Win32
	EndGlobalSection
	GlobalSection(SolutionProperties) = preSolution
		HideSolutionNode = FALSE
	EndGlobalSection
	GlobalSection(ExtensibilityGlobals) = postSolution
		SolutionGuid = {C22DDA56-1CB4-4DFE-82D1-5ACB5AB50EB1}
	EndGlobalSection
EndGlobal
